Microsoft Visual Studio Solution File, Format Version 11.00
# Visual Studio 2008

Project("{47E38874-38E5-96F5-9DAB-81B9EE5BC5CA}") = "zombierun_beta", "Assembly-CSharp.csproj", "{0ED3BE16-2039-4E63-B206-4EB294A403BC}"
EndProject
Project("{47E38874-38E5-96F5-9DAB-81B9EE5BC5CA}") = "zombierun_beta", "Assembly-UnityScript.unityproj", "{DB97D547-EF46-145D-F6F8-0A099A168DBD}"
EndProject
Global
	GlobalSection(SolutionConfigurationPlatforms) = preSolution
		Debug|Any CPU = Debug|Any CPU
		Release|Any CPU = Release|Any CPU
	EndGlobalSection
	GlobalSection(ProjectConfigurationPlatforms) = postSolution
		{0ED3BE16-2039-4E63-B206-4EB294A403BC}.Debug|Any CPU.ActiveCfg = Debug|Any CPU
		{0ED3BE16-2039-4E63-B206-4EB294A403BC}.Debug|Any CPU.Build.0 = Debug|Any CPU
		{0ED3BE16-2039-4E63-B206-4EB294A403BC}.Release|Any CPU.ActiveCfg = Release|Any CPU
		{0ED3BE16-2039-4E63-B206-4EB294A403BC}.Release|Any CPU.Build.0 = Release|Any CPU
		{DB97D547-EF46-145D-F6F8-0A099A168DBD}.Debug|Any CPU.ActiveCfg = Debug|Any CPU
		{DB97D547-EF46-145D-F6F8-0A099A168DBD}.Debug|Any CPU.Build.0 = Debug|Any CPU
		{DB97D547-EF46-145D-F6F8-0A099A168DBD}.Release|Any CPU.ActiveCfg = Release|Any CPU
		{DB97D547-EF46-145D-F6F8-0A099A168DBD}.Release|Any CPU.Build.0 = Release|Any CPU
	EndGlobalSection
	GlobalSection(SolutionProperties) = preSolution
		HideSolutionNode = FALSE
	EndGlobalSection
			GlobalSection(MonoDevelopProperties) = preSolution
		StartupItem = Assembly-CSharp.csproj
		Policies = $0
		$0.TextStylePolicy = $1
		$1.inheritsSet = null
		$1.scope = text/x-csharp
		$0.CSharpFormattingPolicy = $2
		$2.inheritsSet = Mono
		$2.inheritsScope = text/x-csharp
		$2.scope = text/x-csharp
		$0.TextStylePolicy = $3
		$3.FileWidth = 120
		$3.TabWidth = 4
		$3.IndentWidth = 4
		$3.EolMarker = Unix
		$3.inheritsSet = Mono
		$3.inheritsScope = text/plain
		$3.scope = text/plain
	EndGlobalSection

EndGlobal
